
Microsoft Visual Studio Solution File, Format Version 12.00
# Visual Studio 15
VisualStudioVersion = 15.0.26430.14
MinimumVisualStudioVersion = 10.0.40219.1
Project("{FAE04EC0-301F-11D3-BF4B-00C04F79EFBC}") = "ApiTracker", "ApiTracker\ApiTracker.csproj", "{C5ACDE8A-9968-4FEA-9D0F-F01AFC52228B}"
EndProject
Project("{2150E333-8FDC-42A3-9474-1A3956D46DE8}") = "Solution Items", "Solution Items", "{AD365BDA-7B77-4A50-A4F7-66C56587B459}"
	ProjectSection(SolutionItems) = preProject
		..\README.md = ..\README.md
	EndProjectSection
EndProject
Global
	GlobalSection(SolutionConfigurationPlatforms) = preSolution
		Debug|Any CPU = Debug|Any CPU
		Release|Any CPU = Release|Any CPU
	EndGlobalSection
	GlobalSection(ProjectConfigurationPlatforms) = postSolution
		{C5ACDE8A-9968-4FEA-9D0F-F01AFC52228B}.Debug|Any CPU.ActiveCfg = Debug|Any CPU
		{C5ACDE8A-9968-4FEA-9D0F-F01AFC52228B}.Debug|Any CPU.Build.0 = Debug|Any CPU
		{C5ACDE8A-9968-4FEA-9D0F-F01AFC52228B}.Release|Any CPU.ActiveCfg = Release|Any CPU
		{C5ACDE8A-9968-4FEA-9D0F-F01AFC52228B}.Release|Any CPU.Build.0 = Release|Any CPU
	EndGlobalSection
	GlobalSection(SolutionProperties) = preSolution
		HideSolutionNode = FALSE
	EndGlobalSection
EndGlobal
